// !$*UTF8*$!
{
	archiveVersion = 1;
	classes = {
	};
	objectVersion = 46;
	objects = {

/* Begin PBXBuildFile section */
		3BC4A5D31AA83BCA0020F125 /* main.m in Sources */ = {isa = PBXBuildFile; fileRef = 3BC4A5D21AA83BCA0020F125 /* main.m */; };
		3BC4A5D61AA83BCA0020F125 /* AppDelegate.m in Sources */ = {isa = PBXBuildFile; fileRef = 3BC4A5D51AA83BCA0020F125 /* AppDelegate.m */; };
		3BC4A5D91AA83BCA0020F125 /* ViewController.m in Sources */ = {isa = PBXBuildFile; fileRef = 3BC4A5D81AA83BCA0020F125 /* ViewController.m */; };
		3BC4A5DC1AA83BCA0020F125 /* Main.storyboard in Resources */ = {isa = PBXBuildFile; fileRef = 3BC4A5DA1AA83BCA0020F125 /* Main.storyboard */; };
		3BC4A5DE1AA83BCA0020F125 /* Images.xcassets in Resources */ = {isa = PBXBuildFile; fileRef = 3BC4A5DD1AA83BCA0020F125 /* Images.xcassets */; };
		3BC4A5E11AA83BCA0020F125 /* LaunchScreen.xib in Resources */ = {isa = PBXBuildFile; fileRef = 3BC4A5DF1AA83BCA0020F125 /* LaunchScreen.xib */; };
		3BC4A5ED1AA83BCA0020F125 /* SoundBoxControlTests.m in Sources */ = {isa = PBXBuildFile; fileRef = 3BC4A5EC1AA83BCA0020F125 /* SoundBoxControlTests.m */; };
/* End PBXBuildFile section */

/* Begin PBXContainerItemProxy section */
		3BC4A5E71AA83BCA0020F125 /* PBXContainerItemProxy */ = {
			isa = PBXContainerItemProxy;
			containerPortal = 3BC4A5C51AA83BCA0020F125 /* Project object */;
			proxyType = 1;
			remoteGlobalIDString = 3BC4A5CC1AA83BCA0020F125;
			remoteInfo = SoundBoxControl;
		};
/* End PBXContainerItemProxy section */

/* Begin PBXFileReference section */
		3BC4A5CD1AA83BCA0020F125 /* SoundBoxControl.app */ = {isa = PBXFileReference; explicitFileType = wrapper.application; includeInIndex = 0; path = SoundBoxControl.app; sourceTree = BUILT_PRODUCTS_DIR; };
		3BC4A5D11AA83BCA0020F125 /* Info.plist */ = {isa = PBXFileReference; lastKnownFileType = text.plist.xml; path = Info.plist; sourceTree = "<group>"; };
		3BC4A5D21AA83BCA0020F125 /* main.m */ = {isa = PBXFileReference; lastKnownFileType = sourcecode.c.objc; path = main.m; sourceTree = "<group>"; };
		3BC4A5D41AA83BCA0020F125 /* AppDelegate.h */ = {isa = PBXFileReference; lastKnownFileType = sourcecode.c.h; path = AppDelegate.h; sourceTree = "<group>"; };
		3BC4A5D51AA83BCA0020F125 /* AppDelegate.m */ = {isa = PBXFileReference; lastKnownFileType = sourcecode.c.objc; path = AppDelegate.m; sourceTree = "<group>"; };
		3BC4A5D71AA83BCA0020F125 /* ViewController.h */ = {isa = PBXFileReference; lastKnownFileType = sourcecode.c.h; path = ViewController.h; sourceTree = "<group>"; };
		3BC4A5D81AA83BCA0020F125 /* ViewController.m */ = {isa = PBXFileReference; lastKnownFileType = sourcecode.c.objc; path = ViewController.m; sourceTree = "<group>"; };
		3BC4A5DB1AA83BCA0020F125 /* Base */ = {isa = PBXFileReference; lastKnownFileType = file.storyboard; name = Base; path = Base.lproj/Main.storyboard; sourceTree = "<group>"; };
		3BC4A5DD1AA83BCA0020F125 /* Images.xcassets */ = {isa = PBXFileReference; lastKnownFileType = folder.assetcatalog; path = Images.xcassets; sourceTree = "<group>"; };
		3BC4A5E01AA83BCA0020F125 /* Base */ = {isa = PBXFileReference; lastKnownFileType = file.xib; name = Base; path = Base.lproj/LaunchScreen.xib; sourceTree = "<group>"; };
		3BC4A5E61AA83BCA0020F125 /* SoundBoxControlTests.xctest */ = {isa = PBXFileReference; explicitFileType = wrapper.cfbundle; includeInIndex = 0; path = SoundBoxControlTests.xctest; sourceTree = BUILT_PRODUCTS_DIR; };
		3BC4A5EB1AA83BCA0020F125 /* Info.plist */ = {isa = PBXFileReference; lastKnownFileType = text.plist.xml; path = Info.plist; sourceTree = "<group>"; };
		3BC4A5EC1AA83BCA0020F125 /* SoundBoxControlTests.m */ = {isa = PBXFileReference; lastKnownFileType = sourcecode.c.objc; path = SoundBoxControlTests.m; sourceTree = "<group>"; };
/* End PBXFileReference section */

/* Begin PBXFrameworksBuildPhase section */
		3BC4A5CA1AA83BCA0020F125 /* Frameworks */ = {
			isa = PBXFrameworksBuildPhase;
			buildActionMask = 2147483647;
			files = (
			);
			runOnlyForDeploymentPostprocessing = 0;
		};
		3BC4A5E31AA83BCA0020F125 /* Frameworks */ = {
			isa = PBXFrameworksBuildPhase;
			buildActionMask = 2147483647;
			files = (
			);
			runOnlyForDeploymentPostprocessing = 0;
		};
/* End PBXFrameworksBuildPhase section */

/* Begin PBXGroup section */
		3BC4A5C41AA83BCA0020F125 = {
			isa = PBXGroup;
			children = (
				3BC4A5CF1AA83BCA0020F125 /* SoundBoxControl */,
				3BC4A5E91AA83BCA0020F125 /* SoundBoxControlTests */,
				3BC4A5CE1AA83BCA0020F125 /* Products */,
			);
			sourceTree = "<group>";
		};
		3BC4A5CE1AA83BCA0020F125 /* Products */ = {
			isa = PBXGroup;
			children = (
				3BC4A5CD1AA83BCA0020F125 /* SoundBoxControl.app */,
				3BC4A5E61AA83BCA0020F125 /* SoundBoxControlTests.xctest */,
			);
			name = Products;
			sourceTree = "<group>";
		};
		3BC4A5CF1AA83BCA0020F125 /* SoundBoxControl */ = {
			isa = PBXGroup;
			children = (
				3BC4A5D41AA83BCA0020F125 /* AppDelegate.h */,
				3BC4A5D51AA83BCA0020F125 /* AppDelegate.m */,
				3BC4A5D71AA83BCA0020F125 /* ViewController.h */,
				3BC4A5D81AA83BCA0020F125 /* ViewController.m */,
				3BC4A5DA1AA83BCA0020F125 /* Main.storyboard */,
				3BC4A5DD1AA83BCA0020F125 /* Images.xcassets */,
				3BC4A5DF1AA83BCA0020F125 /* LaunchScreen.xib */,
				3BC4A5D01AA83BCA0020F125 /* Supporting Files */,
			);
			path = SoundBoxControl;
			sourceTree = "<group>";
		};
		3BC4A5D01AA83BCA0020F125 /* Supporting Files */ = {
			isa = PBXGroup;
			children = (
				3BC4A5D11AA83BCA0020F125 /* Info.plist */,
				3BC4A5D21AA83BCA0020F125 /* main.m */,
			);
			name = "Supporting Files";
			sourceTree = "<group>";
		};
		3BC4A5E91AA83BCA0020F125 /* SoundBoxControlTests */ = {
			isa = PBXGroup;
			children = (
				3BC4A5EC1AA83BCA0020F125 /* SoundBoxControlTests.m */,
				3BC4A5EA1AA83BCA0020F125 /* Supporting Files */,
			);
			path = SoundBoxControlTests;
			sourceTree = "<group>";
		};
		3BC4A5EA1AA83BCA0020F125 /* Supporting Files */ = {
			isa = PBXGroup;
			children = (
				3BC4A5EB1AA83BCA0020F125 /* Info.plist */,
			);
			name = "Supporting Files";
			sourceTree = "<group>";
		};
/* End PBXGroup section */

/* Begin PBXNativeTarget section */
		3BC4A5CC1AA83BCA0020F125 /* SoundBoxControl */ = {
			isa = PBXNativeTarget;
			buildConfigurationList = 3BC4A5F01AA83BCA0020F125 /* Build configuration list for PBXNativeTarget "SoundBoxControl" */;
			buildPhases = (
				3BC4A5C91AA83BCA0020F125 /* Sources */,
				3BC4A5CA1AA83BCA0020F125 /* Frameworks */,
				3BC4A5CB1AA83BCA0020F125 /* Resources */,
			);
			buildRules = (
			);
			dependencies = (
			);
			name = SoundBoxControl;
			productName = SoundBoxControl;
			productReference = 3BC4A5CD1AA83BCA0020F125 /* SoundBoxControl.app */;
			productType = "com.apple.product-type.application";
		};
		3BC4A5E51AA83BCA0020F125 /* SoundBoxControlTests */ = {
			isa = PBXNativeTarget;
			buildConfigurationList = 3BC4A5F31AA83BCA0020F125 /* Build configuration list for PBXNativeTarget "SoundBoxControlTests" */;
			buildPhases = (
				3BC4A5E21AA83BCA0020F125 /* Sources */,
				3BC4A5E31AA83BCA0020F125 /* Frameworks */,
				3BC4A5E41AA83BCA0020F125 /* Resources */,
			);
			buildRules = (
			);
			dependencies = (
				3BC4A5E81AA83BCA0020F125 /* PBXTargetDependency */,
			);
			name = SoundBoxControlTests;
			productName = SoundBoxControlTests;
			productReference = 3BC4A5E61AA83BCA0020F125 /* SoundBoxControlTests.xctest */;
			productType = "com.apple.product-type.bundle.unit-test";
		};
/* End PBXNativeTarget section */

/* Begin PBXProject section */
		3BC4A5C51AA83BCA0020F125 /* Project object */ = {
			isa = PBXProject;
			attributes = {
				LastUpgradeCheck = 0610;
				ORGANIZATIONNAME = neldtv;
				TargetAttributes = {
					3BC4A5CC1AA83BCA0020F125 = {
						CreatedOnToolsVersion = 6.1.1;
					};
					3BC4A5E51AA83BCA0020F125 = {
						CreatedOnToolsVersion = 6.1.1;
						TestTargetID = 3BC4A5CC1AA83BCA0020F125;
					};
				};
			};
			buildConfigurationList = 3BC4A5C81AA83BCA0020F125 /* Build configuration list for PBXProject "SoundBoxControl" */;
			compatibilityVersion = "Xcode 3.2";
			developmentRegion = English;
			hasScannedForEncodings = 0;
			knownRegions = (
				en,
				Base,
			);
			mainGroup = 3BC4A5C41AA83BCA0020F125;
			productRefGroup = 3BC4A5CE1AA83BCA0020F125 /* Products */;
			projectDirPath = "";
			projectRoot = "";
			targets = (
				3BC4A5CC1AA83BCA0020F125 /* SoundBoxControl */,
				3BC4A5E51AA83BCA0020F125 /* SoundBoxControlTests */,
			);
		};
/* End PBXProject section */

/* Begin PBXResourcesBuildPhase section */
		3BC4A5CB1AA83BCA0020F125 /* Resources */ = {
			isa = PBXResourcesBuildPhase;
			buildActionMask = 2147483647;
			files = (
				3BC4A5DC1AA83BCA0020F125 /* Main.storyboard in Resources */,
				3BC4A5E11AA83BCA0020F125 /* LaunchScreen.xib in Resources */,
				3BC4A5DE1AA83BCA0020F125 /* Images.xcassets in Resources */,
			);
			runOnlyForDeploymentPostprocessing = 0;
		};
		3BC4A5E41AA83BCA0020F125 /* Resources */ = {
			isa = PBXResourcesBuildPhase;
			buildActionMask = 2147483647;
			files = (
			);
			runOnlyForDeploymentPostprocessing = 0;
		};
/* End PBXResourcesBuildPhase section */

/* Begin PBXSourcesBuildPhase section */
		3BC4A5C91AA83BCA0020F125 /* Sources */ = {
			isa = PBXSourcesBuildPhase;
			buildActionMask = 2147483647;
			files = (
				3BC4A5D91AA83BCA0020F125 /* ViewController.m in Sources */,
				3BC4A5D61AA83BCA0020F125 /* AppDelegate.m in Sources */,
				3BC4A5D31AA83BCA0020F125 /* main.m in Sources */,
			);
			runOnlyForDeploymentPostprocessing = 0;
		};
		3BC4A5E21AA83BCA0020F125 /* Sources */ = {
			isa = PBXSourcesBuildPhase;
			buildActionMask = 2147483647;
			files = (
				3BC4A5ED1AA83BCA0020F125 /* SoundBoxControlTests.m in Sources */,
			);
			runOnlyForDeploymentPostprocessing = 0;
		};
/* End PBXSourcesBuildPhase section */

/* Begin PBXTargetDependency section */
		3BC4A5E81AA83BCA0020F125 /* PBXTargetDependency */ = {
			isa = PBXTargetDependency;
			target = 3BC4A5CC1AA83BCA0020F125 /* SoundBoxControl */;
			targetProxy = 3BC4A5E71AA83BCA0020F125 /* PBXContainerItemProxy */;
		};
/* End PBXTargetDependency section */

/* Begin PBXVariantGroup section */
		3BC4A5DA1AA83BCA0020F125 /* Main.storyboard */ = {
			isa = PBXVariantGroup;
			children = (
				3BC4A5DB1AA83BCA0020F125 /* Base */,
			);
			name = Main.storyboard;
			sourceTree = "<group>";
		};
		3BC4A5DF1AA83BCA0020F125 /* LaunchScreen.xib */ = {
			isa = PBXVariantGroup;
			children = (
				3BC4A5E01AA83BCA0020F125 /* Base */,
			);
			name = LaunchScreen.xib;
			sourceTree = "<group>";
		};
/* End PBXVariantGroup section */

/* Begin XCBuildConfiguration section */
		3BC4A5EE1AA83BCA0020F125 /* Debug */ = {
			isa = XCBuildConfiguration;
			buildSettings = {
				ALWAYS_SEARCH_USER_PATHS = NO;
				CLANG_CXX_LANGUAGE_STANDARD = "gnu++0x";
				CLANG_CXX_LIBRARY = "libc++";
				CLANG_ENABLE_MODULES = YES;
				CLANG_ENABLE_OBJC_ARC = YES;
				CLANG_WARN_BOOL_CONVERSION = YES;
				CLANG_WARN_CONSTANT_CONVERSION = YES;
				CLANG_WARN_DIRECT_OBJC_ISA_USAGE = YES_ERROR;
				CLANG_WARN_EMPTY_BODY = YES;
				CLANG_WARN_ENUM_CONVERSION = YES;
				CLANG_WARN_INT_CONVERSION = YES;
				CLANG_WARN_OBJC_ROOT_CLASS = YES_ERROR;
				CLANG_WARN_UNREACHABLE_CODE = YES;
				CLANG_WARN__DUPLICATE_METHOD_MATCH = YES;
				"CODE_SIGN_IDENTITY[sdk=iphoneos*]" = "iPhone Developer";
				COPY_PHASE_STRIP = NO;
				ENABLE_STRICT_OBJC_MSGSEND = YES;
				GCC_C_LANGUAGE_STANDARD = gnu99;
				GCC_DYNAMIC_NO_PIC = NO;
				GCC_OPTIMIZATION_LEVEL = 0;
				GCC_PREPROCESSOR_DEFINITIONS = (
					"DEBUG=1",
					"$(inherited)",
				);
				GCC_SYMBOLS_PRIVATE_EXTERN = NO;
				GCC_WARN_64_TO_32_BIT_CONVERSION = YES;
				GCC_WARN_ABOUT_RETURN_TYPE = YES_ERROR;
				GCC_WARN_UNDECLARED_SELECTOR = YES;
				GCC_WARN_UNINITIALIZED_AUTOS = YES_AGGRESSIVE;
				GCC_WARN_UNUSED_FUNCTION = YES;
				GCC_WARN_UNUSED_VARIABLE = YES;
				IPHONEOS_DEPLOYMENT_TARGET = 8.1;
				MTL_ENABLE_DEBUG_INFO = YES;
				ONLY_ACTIVE_ARCH = YES;
				SDKROOT = iphoneos;
			};
			name = Debug;
		};
		3BC4A5EF1AA83BCA0020F125 /* Release */ = {
			isa = XCBuildConfiguration;
			buildSettings = {
				ALWAYS_SEARCH_USER_PATHS = NO;
				CLANG_CXX_LANGUAGE_STANDARD = "gnu++0x";
				CLANG_CXX_LIBRARY = "libc++";
				CLANG_ENABLE_MODULES = YES;
				CLANG_ENABLE_OBJC_ARC = YES;
				CLANG_WARN_BOOL_CONVERSION = YES;
				CLANG_WARN_CONSTANT_CONVERSION = YES;
				CLANG_WARN_DIRECT_OBJC_ISA_USAGE = YES_ERROR;
				CLANG_WARN_EMPTY_BODY = YES;
				CLANG_WARN_ENUM_CONVERSION = YES;
				CLANG_WARN_INT_CONVERSION = YES;
				CLANG_WARN_OBJC_ROOT_CLASS = YES_ERROR;
				CLANG_WARN_UNREACHABLE_CODE = YES;
				CLANG_WARN__DUPLICATE_METHOD_MATCH = YES;
				"CODE_SIGN_IDENTITY[sdk=iphoneos*]" = "iPhone Developer";
				COPY_PHASE_STRIP = YES;
				ENABLE_NS_ASSERTIONS = NO;
				ENABLE_STRICT_OBJC_MSGSEND = YES;
				GCC_C_LANGUAGE_STANDARD = gnu99;
				GCC_WARN_64_TO_32_BIT_CONVERSION = YES;
				GCC_WARN_ABOUT_RETURN_TYPE = YES_ERROR;
				GCC_WARN_UNDECLARED_SELECTOR = YES;
				GCC_WARN_UNINITIALIZED_AUTOS = YES_AGGRESSIVE;
				GCC_WARN_UNUSED_FUNCTION = YES;
				GCC_WARN_UNUSED_VARIABLE = YES;
				IPHONEOS_DEPLOYMENT_TARGET = 8.1;
				MTL_ENABLE_DEBUG_INFO = NO;
				SDKROOT = iphoneos;
				VALIDATE_PRODUCT = YES;
			};
			name = Release;
		};
		3BC4A5F11AA83BCA0020F125 /* Debug */ = {
			isa = XCBuildConfiguration;
			buildSettings = {
				ASSETCATALOG_COMPILER_APPICON_NAME = AppIcon;
				INFOPLIST_FILE = SoundBoxControl/Info.plist;
				LD_RUNPATH_SEARCH_PATHS = "$(inherited) @executable_path/Frameworks";
				PRODUCT_NAME = "$(TARGET_NAME)";
			};
			name = Debug;
		};
		3BC4A5F21AA83BCA0020F125 /* Release */ = {
			isa = XCBuildConfiguration;
			buildSettings = {
				ASSETCATALOG_COMPILER_APPICON_NAME = AppIcon;
				INFOPLIST_FILE = SoundBoxControl/Info.plist;
				LD_RUNPATH_SEARCH_PATHS = "$(inherited) @executable_path/Frameworks";
				PRODUCT_NAME = "$(TARGET_NAME)";
			};
			name = Release;
		};
		3BC4A5F41AA83BCA0020F125 /* Debug */ = {
			isa = XCBuildConfiguration;
			buildSettings = {
				BUNDLE_LOADER = "$(TEST_HOST)";
				FRAMEWORK_SEARCH_PATHS = (
					"$(SDKROOT)/Developer/Library/Frameworks",
					"$(inherited)",
				);
				GCC_PREPROCESSOR_DEFINITIONS = (
					"DEBUG=1",
					"$(inherited)",
				);
				INFOPLIST_FILE = SoundBoxControlTests/Info.plist;
				LD_RUNPATH_SEARCH_PATHS = "$(inherited) @executable_path/Frameworks @loader_path/Frameworks";
				PRODUCT_NAME = "$(TARGET_NAME)";
				TEST_HOST = "$(BUILT_PRODUCTS_DIR)/SoundBoxControl.app/SoundBoxControl";
			};
			name = Debug;
		};
		3BC4A5F51AA83BCA0020F125 /* Release */ = {
			isa = XCBuildConfiguration;
			buildSettings = {
				BUNDLE_LOADER = "$(TEST_HOST)";
				FRAMEWORK_SEARCH_PATHS = (
					"$(SDKROOT)/Developer/Library/Frameworks",
					"$(inherited)",
				);
				INFOPLIST_FILE = SoundBoxControlTests/Info.plist;
				LD_RUNPATH_SEARCH_PATHS = "$(inherited) @executable_path/Frameworks @loader_path/Frameworks";
				PRODUCT_NAME = "$(TARGET_NAME)";
				TEST_HOST = "$(BUILT_PRODUCTS_DIR)/SoundBoxControl.app/SoundBoxControl";
			};
			name = Release;
		};
/* End XCBuildConfiguration section */

/* Begin XCConfigurationList section */
		3BC4A5C81AA83BCA0020F125 /* Build configuration list for PBXProject "SoundBoxControl" */ = {
			isa = XCConfigurationList;
			buildConfigurations = (
				3BC4A5EE1AA83BCA0020F125 /* Debug */,
				3BC4A5EF1AA83BCA0020F125 /* Release */,
			);
			defaultConfigurationIsVisible = 0;
			defaultConfigurationName = Release;
		};
		3BC4A5F01AA83BCA0020F125 /* Build configuration list for PBXNativeTarget "SoundBoxControl" */ = {
			isa = XCConfigurationList;
			buildConfigurations = (
				3BC4A5F11AA83BCA0020F125 /* Debug */,
				3BC4A5F21AA83BCA0020F125 /* Release */,
			);
			defaultConfigurationIsVisible = 0;
		};
		3BC4A5F31AA83BCA0020F125 /* Build configuration list for PBXNativeTarget "SoundBoxControlTests" */ = {
			isa = XCConfigurationList;
			buildConfigurations = (
				3BC4A5F41AA83BCA0020F125 /* Debug */,
				3BC4A5F51AA83BCA0020F125 /* Release */,
			);
			defaultConfigurationIsVisible = 0;
		};
/* End XCConfigurationList section */
	};
	rootObject = 3BC4A5C51AA83BCA0020F125 /* Project object */;
}
